
Microsoft Visual Studio Solution File, Format Version 12.00
# Visual Studio Version 17
VisualStudioVersion = 17.5.002.0
MinimumVisualStudioVersion = 10.0.40219.1
Project("{9A19103F-16F7-4668-BE54-9A1E7A4F7556}") = "ChessEngine", "ChessEngine.csproj", "{9FF02D73-9563-46A6-AC4D-339DDA4BE440}"
EndProject
Global
	GlobalSection(SolutionConfigurationPlatforms) = preSolution
		Debug|Any CPU = Debug|Any CPU
		Release|Any CPU = Release|Any CPU
	EndGlobalSection
	GlobalSection(ProjectConfigurationPlatforms) = postSolution
		{9FF02D73-9563-46A6-AC4D-339DDA4BE440}.Debug|Any CPU.ActiveCfg = Debug|Any CPU
		{9FF02D73-9563-46A6-AC4D-339DDA4BE440}.Debug|Any CPU.Build.0 = Debug|Any CPU
		{9FF02D73-9563-46A6-AC4D-339DDA4BE440}.Release|Any CPU.ActiveCfg = Release|Any CPU
		{9FF02D73-9563-46A6-AC4D-339DDA4BE440}.Release|Any CPU.Build.0 = Release|Any CPU
	EndGlobalSection
	GlobalSection(SolutionProperties) = preSolution
		HideSolutionNode = FALSE
	EndGlobalSection
	GlobalSection(ExtensibilityGlobals) = postSolution
		SolutionGuid = {36CFC227-7E59-4DD0-BCF5-F3766F0B9DDE}
	EndGlobalSection
EndGlobal
